
Microsoft Visual Studio Solution File, Format Version 12.00
# Visual Studio Version 17
VisualStudioVersion = 17.0.32126.317
MinimumVisualStudioVersion = 10.0.40219.1
Project("{FAE04EC0-301F-11D3-BF4B-00C04F79EFBC}") = "Demo Devices Activator", "Demo Devices Activator\Demo Devices Activator.csproj", "{56FFA557-3895-4BE5-8708-482E11608291}"
EndProject
Global
	GlobalSection(SolutionConfigurationPlatforms) = preSolution
		Debug|Any CPU = Debug|Any CPU
		Release|Any CPU = Release|Any CPU
	EndGlobalSection
	GlobalSection(ProjectConfigurationPlatforms) = postSolution
		{56FFA557-3895-4BE5-8708-482E11608291}.Debug|Any CPU.ActiveCfg = Debug|Any CPU
		{56FFA557-3895-4BE5-8708-482E11608291}.Debug|Any CPU.Build.0 = Debug|Any CPU
		{56FFA557-3895-4BE5-8708-482E11608291}.Release|Any CPU.ActiveCfg = Release|Any CPU
		{56FFA557-3895-4BE5-8708-482E11608291}.Release|Any CPU.Build.0 = Release|Any CPU
	EndGlobalSection
	GlobalSection(SolutionProperties) = preSolution
		HideSolutionNode = FALSE
	EndGlobalSection
	GlobalSection(ExtensibilityGlobals) = postSolution
		SolutionGuid = {E1615DB1-EBD6-41DE-8EF9-4B2C477A016A}
	EndGlobalSection
EndGlobal
